// !$*UTF8*$!
{
	archiveVersion = 1;
	classes = {
	};
	objectVersion = 48;
	objects = {

/* Begin PBXBuildFile section */
		210A26461FE122D400784A51 /* SocketIO.framework in Frameworks */ = {isa = PBXBuildFile; fileRef = 210A26451FE122D400784A51 /* SocketIO.framework */; };
		210A26481FE122DC00784A51 /* Starscream.framework in Frameworks */ = {isa = PBXBuildFile; fileRef = 210A26471FE122DC00784A51 /* Starscream.framework */; };
		218F2AF01FE1262A00FF2138 /* Starscream.framework in Embed Frameworks */ = {isa = PBXBuildFile; fileRef = 210A26471FE122DC00784A51 /* Starscream.framework */; settings = {ATTRIBUTES = (CodeSignOnCopy, RemoveHeadersOnCopy, ); }; };
		218F2AF11FE1278300FF2138 /* SocketIO.framework in Embed Frameworks */ = {isa = PBXBuildFile; fileRef = 210A26451FE122D400784A51 /* SocketIO.framework */; settings = {ATTRIBUTES = (CodeSignOnCopy, RemoveHeadersOnCopy, ); }; };
		852B2AF81B15D5C30033D4F9 /* CalcHelper.m in Sources */ = {isa = PBXBuildFile; fileRef = 852B2AF71B15D5C30033D4F9 /* CalcHelper.m */; };
		852F157B1907D1A300D00A6F /* DeviceStub.js in Sources */ = {isa = PBXBuildFile; fileRef = 852F157A1907D1A300D00A6F /* DeviceStub.js */; };
		852F157C1907D6F700D00A6F /* DeviceStub.js in Resources */ = {isa = PBXBuildFile; fileRef = 852F157A1907D1A300D00A6F /* DeviceStub.js */; };
		8532BE4518FED270008BDACA /* JavaScriptCore.framework in Frameworks */ = {isa = PBXBuildFile; fileRef = 8532BE4418FED270008BDACA /* JavaScriptCore.framework */; };
		8532EC1C19A5DBEA009D3D4A /* OJSCoordinationController.m in Sources */ = {isa = PBXBuildFile; fileRef = 8532EC1B19A5DBEA009D3D4A /* OJSCoordinationController.m */; };
		8537B7441C1837D80097F33B /* ToastView.m in Sources */ = {isa = PBXBuildFile; fileRef = 8537B7431C1837D80097F33B /* ToastView.m */; };
		8537B7481C184CD90097F33B /* OJSProfile.m in Sources */ = {isa = PBXBuildFile; fileRef = 8537B7471C184CD90097F33B /* OJSProfile.m */; };
		853EBA6919AF192E00F8D788 /* TalkingCapability.swift in Sources */ = {isa = PBXBuildFile; fileRef = 853EBA6819AF192E00F8D788 /* TalkingCapability.swift */; };
		85448FE319ADD93300067E28 /* TalkingCapability2.swift in Sources */ = {isa = PBXBuildFile; fileRef = 85448FE219ADD93300067E28 /* TalkingCapability2.swift */; };
		8560372518F7D3C400AC1890 /* Foundation.framework in Frameworks */ = {isa = PBXBuildFile; fileRef = 8560372418F7D3C400AC1890 /* Foundation.framework */; };
		8560372718F7D3C400AC1890 /* CoreGraphics.framework in Frameworks */ = {isa = PBXBuildFile; fileRef = 8560372618F7D3C400AC1890 /* CoreGraphics.framework */; };
		8560372918F7D3C400AC1890 /* UIKit.framework in Frameworks */ = {isa = PBXBuildFile; fileRef = 8560372818F7D3C400AC1890 /* UIKit.framework */; };
		8560372F18F7D3C400AC1890 /* InfoPlist.strings in Resources */ = {isa = PBXBuildFile; fileRef = 8560372D18F7D3C400AC1890 /* InfoPlist.strings */; };
		8560373118F7D3C400AC1890 /* main.m in Sources */ = {isa = PBXBuildFile; fileRef = 8560373018F7D3C400AC1890 /* main.m */; };
		8560373518F7D3C400AC1890 /* OJSAppDelegate.m in Sources */ = {isa = PBXBuildFile; fileRef = 8560373418F7D3C400AC1890 /* OJSAppDelegate.m */; };
		8560373818F7D3C400AC1890 /* Main_iPhone.storyboard in Resources */ = {isa = PBXBuildFile; fileRef = 8560373618F7D3C400AC1890 /* Main_iPhone.storyboard */; };
		8560373B18F7D3C400AC1890 /* Main_iPad.storyboard in Resources */ = {isa = PBXBuildFile; fileRef = 8560373918F7D3C400AC1890 /* Main_iPad.storyboard */; };
		8560373E18F7D3C400AC1890 /* OJSFirstViewController.m in Sources */ = {isa = PBXBuildFile; fileRef = 8560373D18F7D3C400AC1890 /* OJSFirstViewController.m */; };
		8560374118F7D3C400AC1890 /* OJSSecondViewController.m in Sources */ = {isa = PBXBuildFile; fileRef = 8560374018F7D3C400AC1890 /* OJSSecondViewController.m */; };
		8560374318F7D3C400AC1890 /* Images.xcassets in Resources */ = {isa = PBXBuildFile; fileRef = 8560374218F7D3C400AC1890 /* Images.xcassets */; };
		8560374A18F7D3C400AC1890 /* XCTest.framework in Frameworks */ = {isa = PBXBuildFile; fileRef = 8560374918F7D3C400AC1890 /* XCTest.framework */; };
		8560374B18F7D3C400AC1890 /* Foundation.framework in Frameworks */ = {isa = PBXBuildFile; fileRef = 8560372418F7D3C400AC1890 /* Foundation.framework */; };
		8560374C18F7D3C400AC1890 /* UIKit.framework in Frameworks */ = {isa = PBXBuildFile; fileRef = 8560372818F7D3C400AC1890 /* UIKit.framework */; };
		8560375418F7D3C400AC1890 /* InfoPlist.strings in Resources */ = {isa = PBXBuildFile; fileRef = 8560375218F7D3C400AC1890 /* InfoPlist.strings */; };
		8560375618F7D3C400AC1890 /* orchestrator_jsTests.m in Sources */ = {isa = PBXBuildFile; fileRef = 8560375518F7D3C400AC1890 /* orchestrator_jsTests.m */; };
		8560377A18F7D7CA00AC1890 /* Security.framework in Frameworks */ = {isa = PBXBuildFile; fileRef = 8560377918F7D7CA00AC1890 /* Security.framework */; };
		8560377C18F7D7D800AC1890 /* libicucore.dylib in Frameworks */ = {isa = PBXBuildFile; fileRef = 8560377B18F7D7D800AC1890 /* libicucore.dylib */; };
		8560377E18F7D7E400AC1890 /* CFNetwork.framework in Frameworks */ = {isa = PBXBuildFile; fileRef = 8560377D18F7D7E400AC1890 /* CFNetwork.framework */; };
		8560378018F7E0BE00AC1890 /* AVFoundation.framework in Frameworks */ = {isa = PBXBuildFile; fileRef = 8560377F18F7E0BE00AC1890 /* AVFoundation.framework */; };
		8560378218F7E15100AC1890 /* silence.mp3 in Resources */ = {isa = PBXBuildFile; fileRef = 8560378118F7E15100AC1890 /* silence.mp3 */; };
		8577B0511A0B998E007B3638 /* OJSBLEDiscoverer.m in Sources */ = {isa = PBXBuildFile; fileRef = 8577B0501A0B998E007B3638 /* OJSBLEDiscoverer.m */; };
		8578A22C1A1352B500612998 /* OJSBLEScanner.m in Sources */ = {isa = PBXBuildFile; fileRef = 8578A22B1A1352B500612998 /* OJSBLEScanner.m */; };
		85A8CD47192247FC002F95FE /* OJSSettingsManager.m in Sources */ = {isa = PBXBuildFile; fileRef = 85A8CD46192247FC002F95FE /* OJSSettingsManager.m */; };
		85BADD4919F7CF1D0093D617 /* OJSContextData.m in Sources */ = {isa = PBXBuildFile; fileRef = 85BADD4819F7CF1D0093D617 /* OJSContextData.m */; };
		85C5C6A5198FA9DD002B95EB /* Settings.bundle in Resources */ = {isa = PBXBuildFile; fileRef = 85C5C6A4198FA9DD002B95EB /* Settings.bundle */; };
		85D12FEB1906962E00808449 /* OJSCentral.m in Sources */ = {isa = PBXBuildFile; fileRef = 85D12FEA1906962E00808449 /* OJSCentral.m */; };
		85D12FEF19069E8A00808449 /* CoreBluetooth.framework in Frameworks */ = {isa = PBXBuildFile; fileRef = 85D12FEE19069E8A00808449 /* CoreBluetooth.framework */; };
		85D4C4D11993973D00D8BF23 /* OJSPeripheral.m in Sources */ = {isa = PBXBuildFile; fileRef = 85D4C4D01993973D00D8BF23 /* OJSPeripheral.m */; };
		85D4C4D419939D0200D8BF23 /* OJSHelpers.h in Sources */ = {isa = PBXBuildFile; fileRef = 85D4C4D319939D0200D8BF23 /* OJSHelpers.h */; };
		85D509CC199DDEDE00FA56F8 /* OJSActionController.m in Sources */ = {isa = PBXBuildFile; fileRef = 85D509CB199DDEDE00FA56F8 /* OJSActionController.m */; };
		85D626E5199BED5A005CC6B2 /* OJSCapabilityController.m in Sources */ = {isa = PBXBuildFile; fileRef = 85D626E4199BED5A005CC6B2 /* OJSCapabilityController.m */; };
		85D7ED5A19ADB2CA002D947B /* TestCapability.swift in Sources */ = {isa = PBXBuildFile; fileRef = 85D7ED5919ADB2CA002D947B /* TestCapability.swift */; };
		85EB60B8199A3875006D0276 /* OJSConnection.m in Sources */ = {isa = PBXBuildFile; fileRef = 85EB60B7199A3875006D0276 /* OJSConnection.m */; };
/* End PBXBuildFile section */

/* Begin PBXContainerItemProxy section */
		8560374D18F7D3C400AC1890 /* PBXContainerItemProxy */ = {
			isa = PBXContainerItemProxy;
			containerPortal = 8560371918F7D3C400AC1890 /* Project object */;
			proxyType = 1;
			remoteGlobalIDString = 8560372018F7D3C400AC1890;
			remoteInfo = orchestrator.js;
		};
/* End PBXContainerItemProxy section */

/* Begin PBXCopyFilesBuildPhase section */
		21612D071ED43A1400122C54 /* Embed Frameworks */ = {
			isa = PBXCopyFilesBuildPhase;
			buildActionMask = 2147483647;
			dstPath = "";
			dstSubfolderSpec = 10;
			files = (
				218F2AF11FE1278300FF2138 /* SocketIO.framework in Embed Frameworks */,
				218F2AF01FE1262A00FF2138 /* Starscream.framework in Embed Frameworks */,
			);
			name = "Embed Frameworks";
			runOnlyForDeploymentPostprocessing = 0;
		};
		218F2AEE1FE125B400FF2138 /* Copy Frameworks */ = {
			isa = PBXCopyFilesBuildPhase;
			buildActionMask = 2147483647;
			dstPath = "";
			dstSubfolderSpec = 7;
			files = (
			);
			name = "Copy Frameworks";
			runOnlyForDeploymentPostprocessing = 0;
		};
/* End PBXCopyFilesBuildPhase section */

/* Begin PBXFileReference section */
		210A26451FE122D400784A51 /* SocketIO.framework */ = {isa = PBXFileReference; lastKnownFileType = wrapper.framework; path = SocketIO.framework; sourceTree = "<group>"; };
		210A26471FE122DC00784A51 /* Starscream.framework */ = {isa = PBXFileReference; lastKnownFileType = wrapper.framework; path = Starscream.framework; sourceTree = "<group>"; };
		8511634F19A5D5FB0057A1E3 /* OJSCoordinationController.h */ = {isa = PBXFileReference; lastKnownFileType = sourcecode.c.h; path = OJSCoordinationController.h; sourceTree = "<group>"; };
		852B2AF61B15D0B50033D4F9 /* CalcHelper.h */ = {isa = PBXFileReference; lastKnownFileType = sourcecode.c.h; path = CalcHelper.h; sourceTree = "<group>"; };
		852B2AF71B15D5C30033D4F9 /* CalcHelper.m */ = {isa = PBXFileReference; fileEncoding = 4; lastKnownFileType = sourcecode.c.objc; path = CalcHelper.m; sourceTree = "<group>"; };
		852F157A1907D1A300D00A6F /* DeviceStub.js */ = {isa = PBXFileReference; fileEncoding = 4; lastKnownFileType = sourcecode.javascript; path = DeviceStub.js; sourceTree = "<group>"; };
		8532BE4418FED270008BDACA /* JavaScriptCore.framework */ = {isa = PBXFileReference; lastKnownFileType = wrapper.framework; name = JavaScriptCore.framework; path = System/Library/Frameworks/JavaScriptCore.framework; sourceTree = SDKROOT; };
		8532EC1B19A5DBEA009D3D4A /* OJSCoordinationController.m */ = {isa = PBXFileReference; fileEncoding = 4; lastKnownFileType = sourcecode.c.objc; path = OJSCoordinationController.m; sourceTree = "<group>"; };
		8537B7431C1837D80097F33B /* ToastView.m */ = {isa = PBXFileReference; fileEncoding = 4; lastKnownFileType = sourcecode.c.objc; path = ToastView.m; sourceTree = "<group>"; };
		8537B7451C1837E40097F33B /* ToastView.h */ = {isa = PBXFileReference; lastKnownFileType = sourcecode.c.h; path = ToastView.h; sourceTree = "<group>"; };
		8537B7471C184CD90097F33B /* OJSProfile.m */ = {isa = PBXFileReference; fileEncoding = 4; lastKnownFileType = sourcecode.c.objc; path = OJSProfile.m; sourceTree = "<group>"; };
		8537B7491C184CEA0097F33B /* OJSProfile.h */ = {isa = PBXFileReference; lastKnownFileType = sourcecode.c.h; path = OJSProfile.h; sourceTree = "<group>"; };
		853EBA6819AF192E00F8D788 /* TalkingCapability.swift */ = {isa = PBXFileReference; fileEncoding = 4; lastKnownFileType = sourcecode.swift; path = TalkingCapability.swift; sourceTree = "<group>"; };
		85448FDE19ADC23300067E28 /* orchestrator.js-Bridging-Header.h */ = {isa = PBXFileReference; lastKnownFileType = sourcecode.c.h; path = "orchestrator.js-Bridging-Header.h"; sourceTree = "<group>"; };
		85448FE219ADD93300067E28 /* TalkingCapability2.swift */ = {isa = PBXFileReference; fileEncoding = 4; lastKnownFileType = sourcecode.swift; path = TalkingCapability2.swift; sourceTree = "<group>"; };
		8560372118F7D3C400AC1890 /* orchestrator.js.app */ = {isa = PBXFileReference; explicitFileType = wrapper.application; includeInIndex = 0; path = orchestrator.js.app; sourceTree = BUILT_PRODUCTS_DIR; };
		8560372418F7D3C400AC1890 /* Foundation.framework */ = {isa = PBXFileReference; lastKnownFileType = wrapper.framework; name = Foundation.framework; path = System/Library/Frameworks/Foundation.framework; sourceTree = SDKROOT; };
		8560372618F7D3C400AC1890 /* CoreGraphics.framework */ = {isa = PBXFileReference; lastKnownFileType = wrapper.framework; name = CoreGraphics.framework; path = System/Library/Frameworks/CoreGraphics.framework; sourceTree = SDKROOT; };
		8560372818F7D3C400AC1890 /* UIKit.framework */ = {isa = PBXFileReference; lastKnownFileType = wrapper.framework; name = UIKit.framework; path = System/Library/Frameworks/UIKit.framework; sourceTree = SDKROOT; };
		8560372C18F7D3C400AC1890 /* orchestrator.js-Info.plist */ = {isa = PBXFileReference; lastKnownFileType = text.plist.xml; path = "orchestrator.js-Info.plist"; sourceTree = "<group>"; };
		8560372E18F7D3C400AC1890 /* en */ = {isa = PBXFileReference; lastKnownFileType = text.plist.strings; name = en; path = en.lproj/InfoPlist.strings; sourceTree = "<group>"; };
		8560373018F7D3C400AC1890 /* main.m */ = {isa = PBXFileReference; lastKnownFileType = sourcecode.c.objc; path = main.m; sourceTree = "<group>"; };
		8560373218F7D3C400AC1890 /* orchestrator.js-Prefix.pch */ = {isa = PBXFileReference; lastKnownFileType = sourcecode.c.h; path = "orchestrator.js-Prefix.pch"; sourceTree = "<group>"; };
		8560373318F7D3C400AC1890 /* OJSAppDelegate.h */ = {isa = PBXFileReference; lastKnownFileType = sourcecode.c.h; path = OJSAppDelegate.h; sourceTree = "<group>"; };
		8560373418F7D3C400AC1890 /* OJSAppDelegate.m */ = {isa = PBXFileReference; lastKnownFileType = sourcecode.c.objc; path = OJSAppDelegate.m; sourceTree = "<group>"; };
		8560373718F7D3C400AC1890 /* Base */ = {isa = PBXFileReference; lastKnownFileType = file.storyboard; name = Base; path = Base.lproj/Main_iPhone.storyboard; sourceTree = "<group>"; };
		8560373A18F7D3C400AC1890 /* Base */ = {isa = PBXFileReference; lastKnownFileType = file.storyboard; name = Base; path = Base.lproj/Main_iPad.storyboard; sourceTree = "<group>"; };
		8560373C18F7D3C400AC1890 /* OJSFirstViewController.h */ = {isa = PBXFileReference; lastKnownFileType = sourcecode.c.h; path = OJSFirstViewController.h; sourceTree = "<group>"; };
		8560373D18F7D3C400AC1890 /* OJSFirstViewController.m */ = {isa = PBXFileReference; lastKnownFileType = sourcecode.c.objc; path = OJSFirstViewController.m; sourceTree = "<group>"; };
		8560373F18F7D3C400AC1890 /* OJSSecondViewController.h */ = {isa = PBXFileReference; lastKnownFileType = sourcecode.c.h; path = OJSSecondViewController.h; sourceTree = "<group>"; };
		8560374018F7D3C400AC1890 /* OJSSecondViewController.m */ = {isa = PBXFileReference; lastKnownFileType = sourcecode.c.objc; path = OJSSecondViewController.m; sourceTree = "<group>"; };
		8560374218F7D3C400AC1890 /* Images.xcassets */ = {isa = PBXFileReference; lastKnownFileType = folder.assetcatalog; path = Images.xcassets; sourceTree = "<group>"; };
		8560374818F7D3C400AC1890 /* orchestrator.jsTests.xctest */ = {isa = PBXFileReference; explicitFileType = wrapper.cfbundle; includeInIndex = 0; path = orchestrator.jsTests.xctest; sourceTree = BUILT_PRODUCTS_DIR; };
		8560374918F7D3C400AC1890 /* XCTest.framework */ = {isa = PBXFileReference; lastKnownFileType = wrapper.framework; name = XCTest.framework; path = Library/Frameworks/XCTest.framework; sourceTree = DEVELOPER_DIR; };
		8560375118F7D3C400AC1890 /* orchestrator.jsTests-Info.plist */ = {isa = PBXFileReference; lastKnownFileType = text.plist.xml; path = "orchestrator.jsTests-Info.plist"; sourceTree = "<group>"; };
		8560375318F7D3C400AC1890 /* en */ = {isa = PBXFileReference; lastKnownFileType = text.plist.strings; name = en; path = en.lproj/InfoPlist.strings; sourceTree = "<group>"; };
		8560375518F7D3C400AC1890 /* orchestrator_jsTests.m */ = {isa = PBXFileReference; lastKnownFileType = sourcecode.c.objc; path = orchestrator_jsTests.m; sourceTree = "<group>"; };
		8560377918F7D7CA00AC1890 /* Security.framework */ = {isa = PBXFileReference; lastKnownFileType = wrapper.framework; name = Security.framework; path = System/Library/Frameworks/Security.framework; sourceTree = SDKROOT; };
		8560377B18F7D7D800AC1890 /* libicucore.dylib */ = {isa = PBXFileReference; lastKnownFileType = "compiled.mach-o.dylib"; name = libicucore.dylib; path = usr/lib/libicucore.dylib; sourceTree = SDKROOT; };
		8560377D18F7D7E400AC1890 /* CFNetwork.framework */ = {isa = PBXFileReference; lastKnownFileType = wrapper.framework; name = CFNetwork.framework; path = System/Library/Frameworks/CFNetwork.framework; sourceTree = SDKROOT; };
		8560377F18F7E0BE00AC1890 /* AVFoundation.framework */ = {isa = PBXFileReference; lastKnownFileType = wrapper.framework; name = AVFoundation.framework; path = System/Library/Frameworks/AVFoundation.framework; sourceTree = SDKROOT; };
		8560378118F7E15100AC1890 /* silence.mp3 */ = {isa = PBXFileReference; lastKnownFileType = audio.mp3; path = silence.mp3; sourceTree = "<group>"; };
		8577B04F1A0B998E007B3638 /* OJSBLEDiscoverer.h */ = {isa = PBXFileReference; fileEncoding = 4; lastKnownFileType = sourcecode.c.h; path = OJSBLEDiscoverer.h; sourceTree = "<group>"; };
		8577B0501A0B998E007B3638 /* OJSBLEDiscoverer.m */ = {isa = PBXFileReference; fileEncoding = 4; lastKnownFileType = sourcecode.c.objc; path = OJSBLEDiscoverer.m; sourceTree = "<group>"; };
		8578A22A1A1352B500612998 /* OJSBLEScanner.h */ = {isa = PBXFileReference; fileEncoding = 4; lastKnownFileType = sourcecode.c.h; path = OJSBLEScanner.h; sourceTree = "<group>"; };
		8578A22B1A1352B500612998 /* OJSBLEScanner.m */ = {isa = PBXFileReference; fileEncoding = 4; lastKnownFileType = sourcecode.c.objc; path = OJSBLEScanner.m; sourceTree = "<group>"; };
		85A8CD45192247FC002F95FE /* OJSSettingsManager.h */ = {isa = PBXFileReference; fileEncoding = 4; lastKnownFileType = sourcecode.c.h; name = OJSSettingsManager.h; path = ../OJSSettingsManager.h; sourceTree = "<group>"; };
		85A8CD46192247FC002F95FE /* OJSSettingsManager.m */ = {isa = PBXFileReference; fileEncoding = 4; lastKnownFileType = sourcecode.c.objc; name = OJSSettingsManager.m; path = ../OJSSettingsManager.m; sourceTree = "<group>"; };
		85BADD4719F7CF060093D617 /* OJSContextData.h */ = {isa = PBXFileReference; lastKnownFileType = sourcecode.c.h; path = OJSContextData.h; sourceTree = "<group>"; };
		85BADD4819F7CF1D0093D617 /* OJSContextData.m */ = {isa = PBXFileReference; fileEncoding = 4; lastKnownFileType = sourcecode.c.objc; path = OJSContextData.m; sourceTree = "<group>"; };
		85C5C6A4198FA9DD002B95EB /* Settings.bundle */ = {isa = PBXFileReference; lastKnownFileType = "wrapper.plug-in"; path = Settings.bundle; sourceTree = "<group>"; };
		85D12FE91906962E00808449 /* OJSCentral.h */ = {isa = PBXFileReference; fileEncoding = 4; lastKnownFileType = sourcecode.c.h; path = OJSCentral.h; sourceTree = "<group>"; };
		85D12FEA1906962E00808449 /* OJSCentral.m */ = {isa = PBXFileReference; fileEncoding = 4; lastKnownFileType = sourcecode.c.objc; path = OJSCentral.m; sourceTree = "<group>"; };
		85D12FED19069E2000808449 /* SERVICES.h */ = {isa = PBXFileReference; lastKnownFileType = sourcecode.c.h; path = SERVICES.h; sourceTree = "<group>"; };
		85D12FEE19069E8A00808449 /* CoreBluetooth.framework */ = {isa = PBXFileReference; lastKnownFileType = wrapper.framework; name = CoreBluetooth.framework; path = System/Library/Frameworks/CoreBluetooth.framework; sourceTree = SDKROOT; };
		85D4C4D01993973D00D8BF23 /* OJSPeripheral.m */ = {isa = PBXFileReference; fileEncoding = 4; lastKnownFileType = sourcecode.c.objc; path = OJSPeripheral.m; sourceTree = "<group>"; };
		85D4C4D21993975800D8BF23 /* OJSPeripheral.h */ = {isa = PBXFileReference; lastKnownFileType = sourcecode.c.h; path = OJSPeripheral.h; sourceTree = "<group>"; };
		85D4C4D319939D0200D8BF23 /* OJSHelpers.h */ = {isa = PBXFileReference; fileEncoding = 4; lastKnownFileType = sourcecode.c.h; path = OJSHelpers.h; sourceTree = "<group>"; };
		85D509CA199DDE4C00FA56F8 /* OJSActionController.h */ = {isa = PBXFileReference; lastKnownFileType = sourcecode.c.h; path = OJSActionController.h; sourceTree = "<group>"; };
		85D509CB199DDEDE00FA56F8 /* OJSActionController.m */ = {isa = PBXFileReference; fileEncoding = 4; lastKnownFileType = sourcecode.c.objc; path = OJSActionController.m; sourceTree = "<group>"; };
		85D626E3199BED2B005CC6B2 /* OJSCapabilityController.h */ = {isa = PBXFileReference; lastKnownFileType = sourcecode.c.h; path = OJSCapabilityController.h; sourceTree = "<group>"; };
		85D626E4199BED5A005CC6B2 /* OJSCapabilityController.m */ = {isa = PBXFileReference; fileEncoding = 4; lastKnownFileType = sourcecode.c.objc; path = OJSCapabilityController.m; sourceTree = "<group>"; };
		85D7ED5919ADB2CA002D947B /* TestCapability.swift */ = {isa = PBXFileReference; fileEncoding = 4; lastKnownFileType = sourcecode.swift; path = TestCapability.swift; sourceTree = "<group>"; };
		85EB60B6199A3727006D0276 /* OJSConnection.h */ = {isa = PBXFileReference; lastKnownFileType = sourcecode.c.h; path = OJSConnection.h; sourceTree = "<group>"; };
		85EB60B7199A3875006D0276 /* OJSConnection.m */ = {isa = PBXFileReference; fileEncoding = 4; lastKnownFileType = sourcecode.c.objc; path = OJSConnection.m; sourceTree = "<group>"; };
		85F012D219A4C5B30072B0F0 /* OJSDiscoveredPeripheral.h */ = {isa = PBXFileReference; lastKnownFileType = sourcecode.c.h; path = OJSDiscoveredPeripheral.h; sourceTree = "<group>"; };
/* End PBXFileReference section */

/* Begin PBXFrameworksBuildPhase section */
		8560371E18F7D3C400AC1890 /* Frameworks */ = {
			isa = PBXFrameworksBuildPhase;
			buildActionMask = 2147483647;
			files = (
				210A26481FE122DC00784A51 /* Starscream.framework in Frameworks */,
				210A26461FE122D400784A51 /* SocketIO.framework in Frameworks */,
				85D12FEF19069E8A00808449 /* CoreBluetooth.framework in Frameworks */,
				8532BE4518FED270008BDACA /* JavaScriptCore.framework in Frameworks */,
				8560378018F7E0BE00AC1890 /* AVFoundation.framework in Frameworks */,
				8560377E18F7D7E400AC1890 /* CFNetwork.framework in Frameworks */,
				8560377C18F7D7D800AC1890 /* libicucore.dylib in Frameworks */,
				8560377A18F7D7CA00AC1890 /* Security.framework in Frameworks */,
				8560372718F7D3C400AC1890 /* CoreGraphics.framework in Frameworks */,
				8560372918F7D3C400AC1890 /* UIKit.framework in Frameworks */,
				8560372518F7D3C400AC1890 /* Foundation.framework in Frameworks */,
			);
			runOnlyForDeploymentPostprocessing = 0;
		};
		8560374518F7D3C400AC1890 /* Frameworks */ = {
			isa = PBXFrameworksBuildPhase;
			buildActionMask = 2147483647;
			files = (
				8560374A18F7D3C400AC1890 /* XCTest.framework in Frameworks */,
				8560374C18F7D3C400AC1890 /* UIKit.framework in Frameworks */,
				8560374B18F7D3C400AC1890 /* Foundation.framework in Frameworks */,
			);
			runOnlyForDeploymentPostprocessing = 0;
		};
/* End PBXFrameworksBuildPhase section */

/* Begin PBXGroup section */
		8532BE5118FEEAA9008BDACA /* OJSJavaScriptHelpers */ = {
			isa = PBXGroup;
			children = (
				852F157A1907D1A300D00A6F /* DeviceStub.js */,
			);
			name = OJSJavaScriptHelpers;
			sourceTree = "<group>";
		};
		8532EC1D19A62410009D3D4A /* Capabilities */ = {
			isa = PBXGroup;
			children = (
				85D7ED5919ADB2CA002D947B /* TestCapability.swift */,
				853EBA6819AF192E00F8D788 /* TalkingCapability.swift */,
				85448FE219ADD93300067E28 /* TalkingCapability2.swift */,
			);
			name = Capabilities;
			sourceTree = "<group>";
		};
		8537B7421C1837A90097F33B /* Helpers */ = {
			isa = PBXGroup;
			children = (
				8537B7451C1837E40097F33B /* ToastView.h */,
				8537B7431C1837D80097F33B /* ToastView.m */,
			);
			name = Helpers;
			sourceTree = "<group>";
		};
		8537B7461C1846B90097F33B /* Profile */ = {
			isa = PBXGroup;
			children = (
				8537B7491C184CEA0097F33B /* OJSProfile.h */,
				8537B7471C184CD90097F33B /* OJSProfile.m */,
			);
			name = Profile;
			sourceTree = "<group>";
		};
		853ABA3E1DDC880B00C2CC58 /* socket.io-client-swift */ = {
			isa = PBXGroup;
			children = (
			);
			path = "socket.io-client-swift";
			sourceTree = "<group>";
		};
		8560371818F7D3C400AC1890 = {
			isa = PBXGroup;
			children = (
				85C5C6A4198FA9DD002B95EB /* Settings.bundle */,
				8560372A18F7D3C400AC1890 /* orchestrator.js */,
				8560374F18F7D3C400AC1890 /* orchestrator.jsTests */,
				8560372318F7D3C400AC1890 /* Frameworks */,
				8560372218F7D3C400AC1890 /* Products */,
			);
			sourceTree = "<group>";
		};
		8560372218F7D3C400AC1890 /* Products */ = {
			isa = PBXGroup;
			children = (
				8560372118F7D3C400AC1890 /* orchestrator.js.app */,
				8560374818F7D3C400AC1890 /* orchestrator.jsTests.xctest */,
			);
			name = Products;
			sourceTree = "<group>";
		};
		8560372318F7D3C400AC1890 /* Frameworks */ = {
			isa = PBXGroup;
			children = (
				210A26471FE122DC00784A51 /* Starscream.framework */,
				210A26451FE122D400784A51 /* SocketIO.framework */,
				85D12FEE19069E8A00808449 /* CoreBluetooth.framework */,
				8532BE4418FED270008BDACA /* JavaScriptCore.framework */,
				8560377F18F7E0BE00AC1890 /* AVFoundation.framework */,
				8560377D18F7D7E400AC1890 /* CFNetwork.framework */,
				8560377B18F7D7D800AC1890 /* libicucore.dylib */,
				8560377918F7D7CA00AC1890 /* Security.framework */,
				8560372418F7D3C400AC1890 /* Foundation.framework */,
				8560372618F7D3C400AC1890 /* CoreGraphics.framework */,
				8560372818F7D3C400AC1890 /* UIKit.framework */,
				8560374918F7D3C400AC1890 /* XCTest.framework */,
			);
			name = Frameworks;
			sourceTree = "<group>";
		};
		8560372A18F7D3C400AC1890 /* orchestrator.js */ = {
			isa = PBXGroup;
			children = (
				85A8CD481922483B002F95FE /* Settings */,
				85D12FE8190695AE00808449 /* OJSDeviceCoordinator */,
				8560373318F7D3C400AC1890 /* OJSAppDelegate.h */,
				8560373418F7D3C400AC1890 /* OJSAppDelegate.m */,
				85BADD4719F7CF060093D617 /* OJSContextData.h */,
				85BADD4819F7CF1D0093D617 /* OJSContextData.m */,
				8511634F19A5D5FB0057A1E3 /* OJSCoordinationController.h */,
				8532EC1B19A5DBEA009D3D4A /* OJSCoordinationController.m */,
				85EB60B6199A3727006D0276 /* OJSConnection.h */,
				85EB60B7199A3875006D0276 /* OJSConnection.m */,
				853ABA3E1DDC880B00C2CC58 /* socket.io-client-swift */,
				85D509CA199DDE4C00FA56F8 /* OJSActionController.h */,
				85D509CB199DDEDE00FA56F8 /* OJSActionController.m */,
				85D626E3199BED2B005CC6B2 /* OJSCapabilityController.h */,
				85D626E4199BED5A005CC6B2 /* OJSCapabilityController.m */,
				8532EC1D19A62410009D3D4A /* Capabilities */,
				8560373C18F7D3C400AC1890 /* OJSFirstViewController.h */,
				8560373D18F7D3C400AC1890 /* OJSFirstViewController.m */,
				85448FDE19ADC23300067E28 /* orchestrator.js-Bridging-Header.h */,
				8560373F18F7D3C400AC1890 /* OJSSecondViewController.h */,
				8560374018F7D3C400AC1890 /* OJSSecondViewController.m */,
				8560373618F7D3C400AC1890 /* Main_iPhone.storyboard */,
				8560373918F7D3C400AC1890 /* Main_iPad.storyboard */,
				85D4C4D319939D0200D8BF23 /* OJSHelpers.h */,
				8537B7461C1846B90097F33B /* Profile */,
				8537B7421C1837A90097F33B /* Helpers */,
				852B2AF61B15D0B50033D4F9 /* CalcHelper.h */,
				852B2AF71B15D5C30033D4F9 /* CalcHelper.m */,
				8560374218F7D3C400AC1890 /* Images.xcassets */,
				8560372B18F7D3C400AC1890 /* Supporting Files */,
			);
			path = orchestrator.js;
			sourceTree = "<group>";
		};
		8560372B18F7D3C400AC1890 /* Supporting Files */ = {
			isa = PBXGroup;
			children = (
				8560378118F7E15100AC1890 /* silence.mp3 */,
				8560372C18F7D3C400AC1890 /* orchestrator.js-Info.plist */,
				8560372D18F7D3C400AC1890 /* InfoPlist.strings */,
				8560373018F7D3C400AC1890 /* main.m */,
				8560373218F7D3C400AC1890 /* orchestrator.js-Prefix.pch */,
			);
			name = "Supporting Files";
			sourceTree = "<group>";
		};
		8560374F18F7D3C400AC1890 /* orchestrator.jsTests */ = {
			isa = PBXGroup;
			children = (
				8560375518F7D3C400AC1890 /* orchestrator_jsTests.m */,
				8560375018F7D3C400AC1890 /* Supporting Files */,
			);
			path = orchestrator.jsTests;
			sourceTree = "<group>";
		};
		8560375018F7D3C400AC1890 /* Supporting Files */ = {
			isa = PBXGroup;
			children = (
				8560375118F7D3C400AC1890 /* orchestrator.jsTests-Info.plist */,
				8560375218F7D3C400AC1890 /* InfoPlist.strings */,
			);
			name = "Supporting Files";
			sourceTree = "<group>";
		};
		85A8CD481922483B002F95FE /* Settings */ = {
			isa = PBXGroup;
			children = (
				85A8CD45192247FC002F95FE /* OJSSettingsManager.h */,
				85A8CD46192247FC002F95FE /* OJSSettingsManager.m */,
			);
			name = Settings;
			sourceTree = "<group>";
		};
		85D12FE8190695AE00808449 /* OJSDeviceCoordinator */ = {
			isa = PBXGroup;
			children = (
				85D12FED19069E2000808449 /* SERVICES.h */,
				8532BE5118FEEAA9008BDACA /* OJSJavaScriptHelpers */,
				85F012D219A4C5B30072B0F0 /* OJSDiscoveredPeripheral.h */,
				85D12FE91906962E00808449 /* OJSCentral.h */,
				85D12FEA1906962E00808449 /* OJSCentral.m */,
				8578A22A1A1352B500612998 /* OJSBLEScanner.h */,
				8578A22B1A1352B500612998 /* OJSBLEScanner.m */,
				8577B04F1A0B998E007B3638 /* OJSBLEDiscoverer.h */,
				8577B0501A0B998E007B3638 /* OJSBLEDiscoverer.m */,
				85D4C4D21993975800D8BF23 /* OJSPeripheral.h */,
				85D4C4D01993973D00D8BF23 /* OJSPeripheral.m */,
			);
			name = OJSDeviceCoordinator;
			sourceTree = "<group>";
		};
/* End PBXGroup section */

/* Begin PBXNativeTarget section */
		8560372018F7D3C400AC1890 /* orchestrator.js */ = {
			isa = PBXNativeTarget;
			buildConfigurationList = 8560375918F7D3C400AC1890 /* Build configuration list for PBXNativeTarget "orchestrator.js" */;
			buildPhases = (
				8560371D18F7D3C400AC1890 /* Sources */,
				8560371E18F7D3C400AC1890 /* Frameworks */,
				8560371F18F7D3C400AC1890 /* Resources */,
				21612D071ED43A1400122C54 /* Embed Frameworks */,
				218F2AEE1FE125B400FF2138 /* Copy Frameworks */,
			);
			buildRules = (
			);
			dependencies = (
			);
			name = orchestrator.js;
			productName = orchestrator.js;
			productReference = 8560372118F7D3C400AC1890 /* orchestrator.js.app */;
			productType = "com.apple.product-type.application";
		};
		8560374718F7D3C400AC1890 /* orchestrator.jsTests */ = {
			isa = PBXNativeTarget;
			buildConfigurationList = 8560375C18F7D3C400AC1890 /* Build configuration list for PBXNativeTarget "orchestrator.jsTests" */;
			buildPhases = (
				8560374418F7D3C400AC1890 /* Sources */,
				8560374518F7D3C400AC1890 /* Frameworks */,
				8560374618F7D3C400AC1890 /* Resources */,
			);
			buildRules = (
			);
			dependencies = (
				8560374E18F7D3C400AC1890 /* PBXTargetDependency */,
			);
			name = orchestrator.jsTests;
			productName = orchestrator.jsTests;
			productReference = 8560374818F7D3C400AC1890 /* orchestrator.jsTests.xctest */;
			productType = "com.apple.product-type.bundle.unit-test";
		};
/* End PBXNativeTarget section */

/* Begin PBXProject section */
		8560371918F7D3C400AC1890 /* Project object */ = {
			isa = PBXProject;
			attributes = {
				CLASSPREFIX = OJS;
				LastSwiftMigration = 0700;
				LastSwiftUpdateCheck = 0700;
				LastUpgradeCheck = 0830;
				ORGANIZATIONNAME = "Niko Mäkitalo";
				TargetAttributes = {
					8560372018F7D3C400AC1890 = {
						DevelopmentTeam = 7DYDXC9PZV;
						LastSwiftMigration = 0920;
						SystemCapabilities = {
							com.apple.BackgroundModes = {
								enabled = 1;
							};
						};
					};
					8560374718F7D3C400AC1890 = {
						TestTargetID = 8560372018F7D3C400AC1890;
					};
				};
			};
			buildConfigurationList = 8560371C18F7D3C400AC1890 /* Build configuration list for PBXProject "orchestrator.js" */;
			compatibilityVersion = "Xcode 8.0";
			developmentRegion = English;
			hasScannedForEncodings = 0;
			knownRegions = (
				en,
				Base,
			);
			mainGroup = 8560371818F7D3C400AC1890;
			productRefGroup = 8560372218F7D3C400AC1890 /* Products */;
			projectDirPath = "";
			projectRoot = "";
			targets = (
				8560372018F7D3C400AC1890 /* orchestrator.js */,
				8560374718F7D3C400AC1890 /* orchestrator.jsTests */,
			);
		};
/* End PBXProject section */

/* Begin PBXResourcesBuildPhase section */
		8560371F18F7D3C400AC1890 /* Resources */ = {
			isa = PBXResourcesBuildPhase;
			buildActionMask = 2147483647;
			files = (
				852F157C1907D6F700D00A6F /* DeviceStub.js in Resources */,
				85C5C6A5198FA9DD002B95EB /* Settings.bundle in Resources */,
				8560378218F7E15100AC1890 /* silence.mp3 in Resources */,
				8560373B18F7D3C400AC1890 /* Main_iPad.storyboard in Resources */,
				8560374318F7D3C400AC1890 /* Images.xcassets in Resources */,
				8560373818F7D3C400AC1890 /* Main_iPhone.storyboard in Resources */,
				8560372F18F7D3C400AC1890 /* InfoPlist.strings in Resources */,
			);
			runOnlyForDeploymentPostprocessing = 0;
		};
		8560374618F7D3C400AC1890 /* Resources */ = {
			isa = PBXResourcesBuildPhase;
			buildActionMask = 2147483647;
			files = (
				8560375418F7D3C400AC1890 /* InfoPlist.strings in Resources */,
			);
			runOnlyForDeploymentPostprocessing = 0;
		};
/* End PBXResourcesBuildPhase section */

/* Begin PBXSourcesBuildPhase section */
		8560371D18F7D3C400AC1890 /* Sources */ = {
			isa = PBXSourcesBuildPhase;
			buildActionMask = 2147483647;
			files = (
				85D4C4D419939D0200D8BF23 /* OJSHelpers.h in Sources */,
				8560373E18F7D3C400AC1890 /* OJSFirstViewController.m in Sources */,
				85448FE319ADD93300067E28 /* TalkingCapability2.swift in Sources */,
				8578A22C1A1352B500612998 /* OJSBLEScanner.m in Sources */,
				8537B7441C1837D80097F33B /* ToastView.m in Sources */,
				8560373118F7D3C400AC1890 /* main.m in Sources */,
				85D626E5199BED5A005CC6B2 /* OJSCapabilityController.m in Sources */,
				852F157B1907D1A300D00A6F /* DeviceStub.js in Sources */,
				8537B7481C184CD90097F33B /* OJSProfile.m in Sources */,
				8560373518F7D3C400AC1890 /* OJSAppDelegate.m in Sources */,
				852B2AF81B15D5C30033D4F9 /* CalcHelper.m in Sources */,
				8532EC1C19A5DBEA009D3D4A /* OJSCoordinationController.m in Sources */,
				8577B0511A0B998E007B3638 /* OJSBLEDiscoverer.m in Sources */,
				85EB60B8199A3875006D0276 /* OJSConnection.m in Sources */,
				85A8CD47192247FC002F95FE /* OJSSettingsManager.m in Sources */,
				8560374118F7D3C400AC1890 /* OJSSecondViewController.m in Sources */,
				85BADD4919F7CF1D0093D617 /* OJSContextData.m in Sources */,
				85D4C4D11993973D00D8BF23 /* OJSPeripheral.m in Sources */,
				853EBA6919AF192E00F8D788 /* TalkingCapability.swift in Sources */,
				85D7ED5A19ADB2CA002D947B /* TestCapability.swift in Sources */,
				85D509CC199DDEDE00FA56F8 /* OJSActionController.m in Sources */,
				85D12FEB1906962E00808449 /* OJSCentral.m in Sources */,
			);
			runOnlyForDeploymentPostprocessing = 0;
		};
		8560374418F7D3C400AC1890 /* Sources */ = {
			isa = PBXSourcesBuildPhase;
			buildActionMask = 2147483647;
			files = (
				8560375618F7D3C400AC1890 /* orchestrator_jsTests.m in Sources */,
			);
			runOnlyForDeploymentPostprocessing = 0;
		};
/* End PBXSourcesBuildPhase section */

/* Begin PBXTargetDependency section */
		8560374E18F7D3C400AC1890 /* PBXTargetDependency */ = {
			isa = PBXTargetDependency;
			target = 8560372018F7D3C400AC1890 /* orchestrator.js */;
			targetProxy = 8560374D18F7D3C400AC1890 /* PBXContainerItemProxy */;
		};
/* End PBXTargetDependency section */

/* Begin PBXVariantGroup section */
		8560372D18F7D3C400AC1890 /* InfoPlist.strings */ = {
			isa = PBXVariantGroup;
			children = (
				8560372E18F7D3C400AC1890 /* en */,
			);
			name = InfoPlist.strings;
			sourceTree = "<group>";
		};
		8560373618F7D3C400AC1890 /* Main_iPhone.storyboard */ = {
			isa = PBXVariantGroup;
			children = (
				8560373718F7D3C400AC1890 /* Base */,
			);
			name = Main_iPhone.storyboard;
			sourceTree = "<group>";
		};
		8560373918F7D3C400AC1890 /* Main_iPad.storyboard */ = {
			isa = PBXVariantGroup;
			children = (
				8560373A18F7D3C400AC1890 /* Base */,
			);
			name = Main_iPad.storyboard;
			sourceTree = "<group>";
		};
		8560375218F7D3C400AC1890 /* InfoPlist.strings */ = {
			isa = PBXVariantGroup;
			children = (
				8560375318F7D3C400AC1890 /* en */,
			);
			name = InfoPlist.strings;
			sourceTree = "<group>";
		};
/* End PBXVariantGroup section */

/* Begin XCBuildConfiguration section */
		8560375718F7D3C400AC1890 /* Debug */ = {
			isa = XCBuildConfiguration;
			buildSettings = {
				ALWAYS_SEARCH_USER_PATHS = NO;
				CLANG_CXX_LANGUAGE_STANDARD = "gnu++0x";
				CLANG_CXX_LIBRARY = "libc++";
				CLANG_ENABLE_MODULES = YES;
				CLANG_ENABLE_OBJC_ARC = YES;
				CLANG_WARN_BOOL_CONVERSION = YES;
				CLANG_WARN_CONSTANT_CONVERSION = YES;
				CLANG_WARN_DIRECT_OBJC_ISA_USAGE = YES_ERROR;
				CLANG_WARN_EMPTY_BODY = YES;
				CLANG_WARN_ENUM_CONVERSION = YES;
				CLANG_WARN_INFINITE_RECURSION = YES;
				CLANG_WARN_INT_CONVERSION = YES;
				CLANG_WARN_OBJC_ROOT_CLASS = YES_ERROR;
				CLANG_WARN_SUSPICIOUS_MOVE = YES;
				CLANG_WARN_UNREACHABLE_CODE = YES;
				CLANG_WARN__DUPLICATE_METHOD_MATCH = YES;
				"CODE_SIGN_IDENTITY[sdk=iphoneos*]" = "iPhone Developer";
				COPY_PHASE_STRIP = NO;
				ENABLE_STRICT_OBJC_MSGSEND = YES;
				ENABLE_TESTABILITY = YES;
				GCC_C_LANGUAGE_STANDARD = gnu99;
				GCC_DYNAMIC_NO_PIC = NO;
				GCC_NO_COMMON_BLOCKS = YES;
				GCC_OPTIMIZATION_LEVEL = 0;
				GCC_PREPROCESSOR_DEFINITIONS = (
					"DEBUG=1",
					"$(inherited)",
				);
				GCC_SYMBOLS_PRIVATE_EXTERN = NO;
				GCC_WARN_64_TO_32_BIT_CONVERSION = YES;
				GCC_WARN_ABOUT_RETURN_TYPE = YES_ERROR;
				GCC_WARN_UNDECLARED_SELECTOR = YES;
				GCC_WARN_UNINITIALIZED_AUTOS = YES_AGGRESSIVE;
				GCC_WARN_UNUSED_FUNCTION = YES;
				GCC_WARN_UNUSED_VARIABLE = YES;
				IPHONEOS_DEPLOYMENT_TARGET = 10.1;
				ONLY_ACTIVE_ARCH = YES;
				SDKROOT = iphoneos;
				TARGETED_DEVICE_FAMILY = "1,2";
			};
			name = Debug;
		};
		8560375818F7D3C400AC1890 /* Release */ = {
			isa = XCBuildConfiguration;
			buildSettings = {
				ALWAYS_SEARCH_USER_PATHS = NO;
				CLANG_CXX_LANGUAGE_STANDARD = "gnu++0x";
				CLANG_CXX_LIBRARY = "libc++";
				CLANG_ENABLE_MODULES = YES;
				CLANG_ENABLE_OBJC_ARC = YES;
				CLANG_WARN_BOOL_CONVERSION = YES;
				CLANG_WARN_CONSTANT_CONVERSION = YES;
				CLANG_WARN_DIRECT_OBJC_ISA_USAGE = YES_ERROR;
				CLANG_WARN_EMPTY_BODY = YES;
				CLANG_WARN_ENUM_CONVERSION = YES;
				CLANG_WARN_INFINITE_RECURSION = YES;
				CLANG_WARN_INT_CONVERSION = YES;
				CLANG_WARN_OBJC_ROOT_CLASS = YES_ERROR;
				CLANG_WARN_SUSPICIOUS_MOVE = YES;
				CLANG_WARN_UNREACHABLE_CODE = YES;
				CLANG_WARN__DUPLICATE_METHOD_MATCH = YES;
				"CODE_SIGN_IDENTITY[sdk=iphoneos*]" = "iPhone Developer";
				COPY_PHASE_STRIP = YES;
				ENABLE_NS_ASSERTIONS = NO;
				ENABLE_STRICT_OBJC_MSGSEND = YES;
				GCC_C_LANGUAGE_STANDARD = gnu99;
				GCC_NO_COMMON_BLOCKS = YES;
				GCC_WARN_64_TO_32_BIT_CONVERSION = YES;
				GCC_WARN_ABOUT_RETURN_TYPE = YES_ERROR;
				GCC_WARN_UNDECLARED_SELECTOR = YES;
				GCC_WARN_UNINITIALIZED_AUTOS = YES_AGGRESSIVE;
				GCC_WARN_UNUSED_FUNCTION = YES;
				GCC_WARN_UNUSED_VARIABLE = YES;
				IPHONEOS_DEPLOYMENT_TARGET = 10.1;
				SDKROOT = iphoneos;
				SWIFT_OPTIMIZATION_LEVEL = "-Owholemodule";
				TARGETED_DEVICE_FAMILY = "1,2";
				VALIDATE_PRODUCT = YES;
			};
			name = Release;
		};
		8560375A18F7D3C400AC1890 /* Debug */ = {
			isa = XCBuildConfiguration;
			buildSettings = {
				ASSETCATALOG_COMPILER_APPICON_NAME = AppIcon;
				ASSETCATALOG_COMPILER_LAUNCHIMAGE_NAME = LaunchImage;
				CLANG_ENABLE_MODULES = YES;
				CODE_SIGN_IDENTITY = "iPhone Developer";
				"CODE_SIGN_IDENTITY[sdk=iphoneos*]" = "iPhone Developer";
				DEVELOPMENT_TEAM = 7DYDXC9PZV;
				FRAMEWORK_SEARCH_PATHS = (
					"$(inherited)",
					"$(PROJECT_DIR)",
				);
				GCC_PRECOMPILE_PREFIX_HEADER = YES;
				GCC_PREFIX_HEADER = "orchestrator.js/orchestrator.js-Prefix.pch";
				INFOPLIST_FILE = "orchestrator.js/orchestrator.js-Info.plist";
				LD_RUNPATH_SEARCH_PATHS = "$(inherited) @executable_path/Frameworks";
				PRODUCT_BUNDLE_IDENTIFIER = "ojs.${PRODUCT_NAME:rfc1034identifier}";
				PRODUCT_NAME = "$(TARGET_NAME)";
				PROVISIONING_PROFILE = "";
				SWIFT_OBJC_BRIDGING_HEADER = "orchestrator.js/orchestrator.js-Bridging-Header.h";
				SWIFT_OPTIMIZATION_LEVEL = "-Onone";
				SWIFT_VERSION = 4.0;
				WRAPPER_EXTENSION = app;
			};
			name = Debug;
		};
		8560375B18F7D3C400AC1890 /* Release */ = {
			isa = XCBuildConfiguration;
			buildSettings = {
				ASSETCATALOG_COMPILER_APPICON_NAME = AppIcon;
				ASSETCATALOG_COMPILER_LAUNCHIMAGE_NAME = LaunchImage;
				CLANG_ENABLE_MODULES = YES;
				CODE_SIGN_IDENTITY = "iPhone Developer";
				"CODE_SIGN_IDENTITY[sdk=iphoneos*]" = "iPhone Developer";
				DEVELOPMENT_TEAM = 7DYDXC9PZV;
				FRAMEWORK_SEARCH_PATHS = (
					"$(inherited)",
					"$(PROJECT_DIR)",
				);
				GCC_PRECOMPILE_PREFIX_HEADER = YES;
				GCC_PREFIX_HEADER = "orchestrator.js/orchestrator.js-Prefix.pch";
				INFOPLIST_FILE = "orchestrator.js/orchestrator.js-Info.plist";
				LD_RUNPATH_SEARCH_PATHS = "$(inherited) @executable_path/Frameworks";
				PRODUCT_BUNDLE_IDENTIFIER = "ojs.${PRODUCT_NAME:rfc1034identifier}";
				PRODUCT_NAME = "$(TARGET_NAME)";
				PROVISIONING_PROFILE = "";
				SWIFT_OBJC_BRIDGING_HEADER = "orchestrator.js/orchestrator.js-Bridging-Header.h";
				SWIFT_VERSION = 4.0;
				WRAPPER_EXTENSION = app;
			};
			name = Release;
		};
		8560375D18F7D3C400AC1890 /* Debug */ = {
			isa = XCBuildConfiguration;
			buildSettings = {
				BUNDLE_LOADER = "$(BUILT_PRODUCTS_DIR)/orchestrator.js.app/orchestrator.js";
				FRAMEWORK_SEARCH_PATHS = (
					"$(SDKROOT)/Developer/Library/Frameworks",
					"$(inherited)",
					"$(DEVELOPER_FRAMEWORKS_DIR)",
				);
				GCC_PRECOMPILE_PREFIX_HEADER = YES;
				GCC_PREFIX_HEADER = "orchestrator.js/orchestrator.js-Prefix.pch";
				GCC_PREPROCESSOR_DEFINITIONS = (
					"DEBUG=1",
					"$(inherited)",
				);
				INFOPLIST_FILE = "orchestrator.jsTests/orchestrator.jsTests-Info.plist";
				PRODUCT_BUNDLE_IDENTIFIER = "ojs.${PRODUCT_NAME:rfc1034identifier}";
				PRODUCT_NAME = "$(TARGET_NAME)";
				TEST_HOST = "$(BUNDLE_LOADER)";
				WRAPPER_EXTENSION = xctest;
			};
			name = Debug;
		};
		8560375E18F7D3C400AC1890 /* Release */ = {
			isa = XCBuildConfiguration;
			buildSettings = {
				BUNDLE_LOADER = "$(BUILT_PRODUCTS_DIR)/orchestrator.js.app/orchestrator.js";
				FRAMEWORK_SEARCH_PATHS = (
					"$(SDKROOT)/Developer/Library/Frameworks",
					"$(inherited)",
					"$(DEVELOPER_FRAMEWORKS_DIR)",
				);
				GCC_PRECOMPILE_PREFIX_HEADER = YES;
				GCC_PREFIX_HEADER = "orchestrator.js/orchestrator.js-Prefix.pch";
				INFOPLIST_FILE = "orchestrator.jsTests/orchestrator.jsTests-Info.plist";
				PRODUCT_BUNDLE_IDENTIFIER = "ojs.${PRODUCT_NAME:rfc1034identifier}";
				PRODUCT_NAME = "$(TARGET_NAME)";
				TEST_HOST = "$(BUNDLE_LOADER)";
				WRAPPER_EXTENSION = xctest;
			};
			name = Release;
		};
/* End XCBuildConfiguration section */

/* Begin XCConfigurationList section */
		8560371C18F7D3C400AC1890 /* Build configuration list for PBXProject "orchestrator.js" */ = {
			isa = XCConfigurationList;
			buildConfigurations = (
				8560375718F7D3C400AC1890 /* Debug */,
				8560375818F7D3C400AC1890 /* Release */,
			);
			defaultConfigurationIsVisible = 0;
			defaultConfigurationName = Release;
		};
		8560375918F7D3C400AC1890 /* Build configuration list for PBXNativeTarget "orchestrator.js" */ = {
			isa = XCConfigurationList;
			buildConfigurations = (
				8560375A18F7D3C400AC1890 /* Debug */,
				8560375B18F7D3C400AC1890 /* Release */,
			);
			defaultConfigurationIsVisible = 0;
			defaultConfigurationName = Release;
		};
		8560375C18F7D3C400AC1890 /* Build configuration list for PBXNativeTarget "orchestrator.jsTests" */ = {
			isa = XCConfigurationList;
			buildConfigurations = (
				8560375D18F7D3C400AC1890 /* Debug */,
				8560375E18F7D3C400AC1890 /* Release */,
			);
			defaultConfigurationIsVisible = 0;
			defaultConfigurationName = Release;
		};
/* End XCConfigurationList section */
	};
	rootObject = 8560371918F7D3C400AC1890 /* Project object */;
}
